
Microsoft Visual Studio Solution File, Format Version 12.00
# Visual Studio Version 17
VisualStudioVersion = 17.14.37614.0 d17.14
MinimumVisualStudioVersion = 10.0.40219.1
Project("{888888A0-9F3D-457C-B088-3A5042F75D52}") = "Technologie des bétons et matériaux nouveaux - Coffrage", "Technologie des bétons et matériaux nouveaux - Coffrage.pyproj", "{73528D4F-8AA3-4160-AF76-63341D63DB6D}"
EndProject
Global
	GlobalSection(SolutionConfigurationPlatforms) = preSolution
		Debug|Any CPU = Debug|Any CPU
		Release|Any CPU = Release|Any CPU
	EndGlobalSection
	GlobalSection(ProjectConfigurationPlatforms) = postSolution
		{73528D4F-8AA3-4160-AF76-63341D63DB6D}.Debug|Any CPU.ActiveCfg = Debug|Any CPU
		{73528D4F-8AA3-4160-AF76-63341D63DB6D}.Release|Any CPU.ActiveCfg = Release|Any CPU
	EndGlobalSection
	GlobalSection(SolutionProperties) = preSolution
		HideSolutionNode = FALSE
	EndGlobalSection
	GlobalSection(ExtensibilityGlobals) = postSolution
		SolutionGuid = {00B3B07E-122F-4D69-BDE3-E4930B3B541B}
	EndGlobalSection
EndGlobal
